// !$*UTF8*$!
{
	archiveVersion = 1;
	classes = {
	};
	objectVersion = 46;
	objects = {

/* Begin PBXBuildFile section */
		C293AF2B15A415D4003FDA51 /* Foundation.framework in Frameworks */ = {isa = PBXBuildFile; fileRef = C293AF2A15A415D4003FDA51 /* Foundation.framework */; };
		C293AF3115A415D4003FDA51 /* ICBProtocol.m in Sources */ = {isa = PBXBuildFile; fileRef = C293AF3015A415D4003FDA51 /* ICBProtocol.m */; };
		C293AF3915A415D4003FDA51 /* SenTestingKit.framework in Frameworks */ = {isa = PBXBuildFile; fileRef = C293AF3815A415D4003FDA51 /* SenTestingKit.framework */; };
		C293AF3B15A415D4003FDA51 /* UIKit.framework in Frameworks */ = {isa = PBXBuildFile; fileRef = C293AF3A15A415D4003FDA51 /* UIKit.framework */; };
		C293AF3C15A415D4003FDA51 /* Foundation.framework in Frameworks */ = {isa = PBXBuildFile; fileRef = C293AF2A15A415D4003FDA51 /* Foundation.framework */; };
		C293AF3F15A415D4003FDA51 /* libICBProtocol.a in Frameworks */ = {isa = PBXBuildFile; fileRef = C293AF2715A415D4003FDA51 /* libICBProtocol.a */; };
		C293AF4515A415D4003FDA51 /* InfoPlist.strings in Resources */ = {isa = PBXBuildFile; fileRef = C293AF4315A415D4003FDA51 /* InfoPlist.strings */; };
		C293AF4815A415D4003FDA51 /* ICBProtocolTests.m in Sources */ = {isa = PBXBuildFile; fileRef = C293AF4715A415D4003FDA51 /* ICBProtocolTests.m */; };
		C293AF6515A4160C003FDA51 /* libDebugKitLibrary.a in Frameworks */ = {isa = PBXBuildFile; fileRef = C293AF6015A415EE003FDA51 /* libDebugKitLibrary.a */; };
		C293AF7415A416BF003FDA51 /* ICBPacket.h in Headers */ = {isa = PBXBuildFile; fileRef = C293AF7215A416BF003FDA51 /* ICBPacket.h */; };
		C293AF7515A416BF003FDA51 /* ICBPacket.m in Sources */ = {isa = PBXBuildFile; fileRef = C293AF7315A416BF003FDA51 /* ICBPacket.m */; };
		C293AF7915A41712003FDA51 /* LoginPacket.h in Headers */ = {isa = PBXBuildFile; fileRef = C293AF7715A41712003FDA51 /* LoginPacket.h */; };
		C293AF7A15A41712003FDA51 /* LoginPacket.m in Sources */ = {isa = PBXBuildFile; fileRef = C293AF7815A41712003FDA51 /* LoginPacket.m */; };
		C293AF7E15A4182A003FDA51 /* ProtocolPacket.h in Headers */ = {isa = PBXBuildFile; fileRef = C293AF7C15A4182A003FDA51 /* ProtocolPacket.h */; };
		C293AF7F15A4182A003FDA51 /* ProtocolPacket.m in Sources */ = {isa = PBXBuildFile; fileRef = C293AF7D15A4182A003FDA51 /* ProtocolPacket.m */; };
		C293AF8415A516BA003FDA51 /* BeepPacket.h in Headers */ = {isa = PBXBuildFile; fileRef = C293AF8215A516BA003FDA51 /* BeepPacket.h */; };
		C293AF8515A516BA003FDA51 /* BeepPacket.m in Sources */ = {isa = PBXBuildFile; fileRef = C293AF8315A516BA003FDA51 /* BeepPacket.m */; };
		C293AF8815A5F0E2003FDA51 /* ErrorPacket.h in Headers */ = {isa = PBXBuildFile; fileRef = C293AF8615A5F0E2003FDA51 /* ErrorPacket.h */; };
		C293AF8915A5F0E2003FDA51 /* ErrorPacket.m in Sources */ = {isa = PBXBuildFile; fileRef = C293AF8715A5F0E2003FDA51 /* ErrorPacket.m */; };
		C293AF8C15A5F461003FDA51 /* ExitPacket.h in Headers */ = {isa = PBXBuildFile; fileRef = C293AF8A15A5F460003FDA51 /* ExitPacket.h */; };
		C293AF8D15A5F461003FDA51 /* ExitPacket.m in Sources */ = {isa = PBXBuildFile; fileRef = C293AF8B15A5F460003FDA51 /* ExitPacket.m */; };
		C293AF9015A5F5EB003FDA51 /* OpenPacket.h in Headers */ = {isa = PBXBuildFile; fileRef = C293AF8E15A5F5EB003FDA51 /* OpenPacket.h */; };
		C293AF9115A5F5EB003FDA51 /* OpenPacket.m in Sources */ = {isa = PBXBuildFile; fileRef = C293AF8F15A5F5EB003FDA51 /* OpenPacket.m */; };
		C293AF9415A5F7AF003FDA51 /* PersonalPacket.h in Headers */ = {isa = PBXBuildFile; fileRef = C293AF9215A5F7AE003FDA51 /* PersonalPacket.h */; };
		C293AF9515A5F7AF003FDA51 /* PersonalPacket.m in Sources */ = {isa = PBXBuildFile; fileRef = C293AF9315A5F7AE003FDA51 /* PersonalPacket.m */; };
		C293AF9815A5F871003FDA51 /* PingPacket.h in Headers */ = {isa = PBXBuildFile; fileRef = C293AF9615A5F871003FDA51 /* PingPacket.h */; };
		C293AF9915A5F871003FDA51 /* PingPacket.m in Sources */ = {isa = PBXBuildFile; fileRef = C293AF9715A5F871003FDA51 /* PingPacket.m */; };
		C293AF9C15A5F8D1003FDA51 /* PongPacket.h in Headers */ = {isa = PBXBuildFile; fileRef = C293AF9A15A5F8D0003FDA51 /* PongPacket.h */; };
		C293AF9D15A5F8D1003FDA51 /* PongPacket.m in Sources */ = {isa = PBXBuildFile; fileRef = C293AF9B15A5F8D0003FDA51 /* PongPacket.m */; };
		C293AFA015A5FB47003FDA51 /* StatusPacket.h in Headers */ = {isa = PBXBuildFile; fileRef = C293AF9E15A5FB47003FDA51 /* StatusPacket.h */; };
		C293AFA115A5FB47003FDA51 /* StatusPacket.m in Sources */ = {isa = PBXBuildFile; fileRef = C293AF9F15A5FB47003FDA51 /* StatusPacket.m */; };
/* End PBXBuildFile section */

/* Begin PBXContainerItemProxy section */
		C293AF3D15A415D4003FDA51 /* PBXContainerItemProxy */ = {
			isa = PBXContainerItemProxy;
			containerPortal = C293AF1E15A415D4003FDA51 /* Project object */;
			proxyType = 1;
			remoteGlobalIDString = C293AF2615A415D4003FDA51;
			remoteInfo = ICBProtocol;
		};
		C293AF5B15A415EE003FDA51 /* PBXContainerItemProxy */ = {
			isa = PBXContainerItemProxy;
			containerPortal = C293AF5115A415ED003FDA51 /* DebugKit.xcodeproj */;
			proxyType = 2;
			remoteGlobalIDString = C2864811159AC401006B31D4;
			remoteInfo = DebugKitFramework;
		};
		C293AF5D15A415EE003FDA51 /* PBXContainerItemProxy */ = {
			isa = PBXContainerItemProxy;
			containerPortal = C293AF5115A415ED003FDA51 /* DebugKit.xcodeproj */;
			proxyType = 2;
			remoteGlobalIDString = C2864829159AC401006B31D4;
			remoteInfo = DebugKitFrameworkTests;
		};
		C293AF5F15A415EE003FDA51 /* PBXContainerItemProxy */ = {
			isa = PBXContainerItemProxy;
			containerPortal = C293AF5115A415ED003FDA51 /* DebugKit.xcodeproj */;
			proxyType = 2;
			remoteGlobalIDString = C286484F159AC657006B31D4;
			remoteInfo = DebugKitLibrary;
		};
		C293AF6115A415EE003FDA51 /* PBXContainerItemProxy */ = {
			isa = PBXContainerItemProxy;
			containerPortal = C293AF5115A415ED003FDA51 /* DebugKit.xcodeproj */;
			proxyType = 2;
			remoteGlobalIDString = C286485D159AC657006B31D4;
			remoteInfo = DebugKitLibraryTests;
		};
		C293AF6315A41605003FDA51 /* PBXContainerItemProxy */ = {
			isa = PBXContainerItemProxy;
			containerPortal = C293AF5115A415ED003FDA51 /* DebugKit.xcodeproj */;
			proxyType = 1;
			remoteGlobalIDString = C286484E159AC657006B31D4;
			remoteInfo = DebugKitLibrary;
		};
/* End PBXContainerItemProxy section */

/* Begin PBXFileReference section */
		C293AF2715A415D4003FDA51 /* libICBProtocol.a */ = {isa = PBXFileReference; explicitFileType = archive.ar; includeInIndex = 0; path = libICBProtocol.a; sourceTree = BUILT_PRODUCTS_DIR; };
		C293AF2A15A415D4003FDA51 /* Foundation.framework */ = {isa = PBXFileReference; lastKnownFileType = wrapper.framework; name = Foundation.framework; path = System/Library/Frameworks/Foundation.framework; sourceTree = SDKROOT; };
		C293AF2E15A415D4003FDA51 /* ICBProtocol-Prefix.pch */ = {isa = PBXFileReference; lastKnownFileType = sourcecode.c.h; path = "ICBProtocol-Prefix.pch"; sourceTree = "<group>"; };
		C293AF2F15A415D4003FDA51 /* ICBProtocol.h */ = {isa = PBXFileReference; lastKnownFileType = sourcecode.c.h; path = ICBProtocol.h; sourceTree = "<group>"; };
		C293AF3015A415D4003FDA51 /* ICBProtocol.m */ = {isa = PBXFileReference; lastKnownFileType = sourcecode.c.objc; path = ICBProtocol.m; sourceTree = "<group>"; };
		C293AF3715A415D4003FDA51 /* ICBProtocolTests.octest */ = {isa = PBXFileReference; explicitFileType = wrapper.cfbundle; includeInIndex = 0; path = ICBProtocolTests.octest; sourceTree = BUILT_PRODUCTS_DIR; };
		C293AF3815A415D4003FDA51 /* SenTestingKit.framework */ = {isa = PBXFileReference; lastKnownFileType = wrapper.framework; name = SenTestingKit.framework; path = Library/Frameworks/SenTestingKit.framework; sourceTree = DEVELOPER_DIR; };
		C293AF3A15A415D4003FDA51 /* UIKit.framework */ = {isa = PBXFileReference; lastKnownFileType = wrapper.framework; name = UIKit.framework; path = Library/Frameworks/UIKit.framework; sourceTree = DEVELOPER_DIR; };
		C293AF4215A415D4003FDA51 /* ICBProtocolTests-Info.plist */ = {isa = PBXFileReference; lastKnownFileType = text.plist.xml; path = "ICBProtocolTests-Info.plist"; sourceTree = "<group>"; };
		C293AF4415A415D4003FDA51 /* en */ = {isa = PBXFileReference; lastKnownFileType = text.plist.strings; name = en; path = en.lproj/InfoPlist.strings; sourceTree = "<group>"; };
		C293AF4615A415D4003FDA51 /* ICBProtocolTests.h */ = {isa = PBXFileReference; lastKnownFileType = sourcecode.c.h; path = ICBProtocolTests.h; sourceTree = "<group>"; };
		C293AF4715A415D4003FDA51 /* ICBProtocolTests.m */ = {isa = PBXFileReference; lastKnownFileType = sourcecode.c.objc; path = ICBProtocolTests.m; sourceTree = "<group>"; };
		C293AF5115A415ED003FDA51 /* DebugKit.xcodeproj */ = {isa = PBXFileReference; lastKnownFileType = "wrapper.pb-project"; name = DebugKit.xcodeproj; path = ../../../DebugKit/DebugKit.xcodeproj; sourceTree = "<group>"; };
		C293AF7215A416BF003FDA51 /* ICBPacket.h */ = {isa = PBXFileReference; fileEncoding = 4; lastKnownFileType = sourcecode.c.h; path = ICBPacket.h; sourceTree = "<group>"; };
		C293AF7315A416BF003FDA51 /* ICBPacket.m */ = {isa = PBXFileReference; fileEncoding = 4; lastKnownFileType = sourcecode.c.objc; path = ICBPacket.m; sourceTree = "<group>"; };
		C293AF7715A41712003FDA51 /* LoginPacket.h */ = {isa = PBXFileReference; fileEncoding = 4; lastKnownFileType = sourcecode.c.h; path = LoginPacket.h; sourceTree = "<group>"; };
		C293AF7815A41712003FDA51 /* LoginPacket.m */ = {isa = PBXFileReference; fileEncoding = 4; lastKnownFileType = sourcecode.c.objc; path = LoginPacket.m; sourceTree = "<group>"; };
		C293AF7C15A4182A003FDA51 /* ProtocolPacket.h */ = {isa = PBXFileReference; fileEncoding = 4; lastKnownFileType = sourcecode.c.h; path = ProtocolPacket.h; sourceTree = "<group>"; };
		C293AF7D15A4182A003FDA51 /* ProtocolPacket.m */ = {isa = PBXFileReference; fileEncoding = 4; lastKnownFileType = sourcecode.c.objc; path = ProtocolPacket.m; sourceTree = "<group>"; };
		C293AF8215A516BA003FDA51 /* BeepPacket.h */ = {isa = PBXFileReference; fileEncoding = 4; lastKnownFileType = sourcecode.c.h; path = BeepPacket.h; sourceTree = "<group>"; };
		C293AF8315A516BA003FDA51 /* BeepPacket.m */ = {isa = PBXFileReference; fileEncoding = 4; lastKnownFileType = sourcecode.c.objc; path = BeepPacket.m; sourceTree = "<group>"; };
		C293AF8615A5F0E2003FDA51 /* ErrorPacket.h */ = {isa = PBXFileReference; fileEncoding = 4; lastKnownFileType = sourcecode.c.h; path = ErrorPacket.h; sourceTree = "<group>"; };
		C293AF8715A5F0E2003FDA51 /* ErrorPacket.m */ = {isa = PBXFileReference; fileEncoding = 4; lastKnownFileType = sourcecode.c.objc; path = ErrorPacket.m; sourceTree = "<group>"; };
		C293AF8A15A5F460003FDA51 /* ExitPacket.h */ = {isa = PBXFileReference; fileEncoding = 4; lastKnownFileType = sourcecode.c.h; path = ExitPacket.h; sourceTree = "<group>"; };
		C293AF8B15A5F460003FDA51 /* ExitPacket.m */ = {isa = PBXFileReference; fileEncoding = 4; lastKnownFileType = sourcecode.c.objc; path = ExitPacket.m; sourceTree = "<group>"; };
		C293AF8E15A5F5EB003FDA51 /* OpenPacket.h */ = {isa = PBXFileReference; fileEncoding = 4; lastKnownFileType = sourcecode.c.h; path = OpenPacket.h; sourceTree = "<group>"; };
		C293AF8F15A5F5EB003FDA51 /* OpenPacket.m */ = {isa = PBXFileReference; fileEncoding = 4; lastKnownFileType = sourcecode.c.objc; path = OpenPacket.m; sourceTree = "<group>"; };
		C293AF9215A5F7AE003FDA51 /* PersonalPacket.h */ = {isa = PBXFileReference; fileEncoding = 4; lastKnownFileType = sourcecode.c.h; path = PersonalPacket.h; sourceTree = "<group>"; };
		C293AF9315A5F7AE003FDA51 /* PersonalPacket.m */ = {isa = PBXFileReference; fileEncoding = 4; lastKnownFileType = sourcecode.c.objc; path = PersonalPacket.m; sourceTree = "<group>"; };
		C293AF9615A5F871003FDA51 /* PingPacket.h */ = {isa = PBXFileReference; fileEncoding = 4; lastKnownFileType = sourcecode.c.h; path = PingPacket.h; sourceTree = "<group>"; };
		C293AF9715A5F871003FDA51 /* PingPacket.m */ = {isa = PBXFileReference; fileEncoding = 4; lastKnownFileType = sourcecode.c.objc; path = PingPacket.m; sourceTree = "<group>"; };
		C293AF9A15A5F8D0003FDA51 /* PongPacket.h */ = {isa = PBXFileReference; fileEncoding = 4; lastKnownFileType = sourcecode.c.h; path = PongPacket.h; sourceTree = "<group>"; };
		C293AF9B15A5F8D0003FDA51 /* PongPacket.m */ = {isa = PBXFileReference; fileEncoding = 4; lastKnownFileType = sourcecode.c.objc; path = PongPacket.m; sourceTree = "<group>"; };
		C293AF9E15A5FB47003FDA51 /* StatusPacket.h */ = {isa = PBXFileReference; fileEncoding = 4; lastKnownFileType = sourcecode.c.h; path = StatusPacket.h; sourceTree = "<group>"; };
		C293AF9F15A5FB47003FDA51 /* StatusPacket.m */ = {isa = PBXFileReference; fileEncoding = 4; lastKnownFileType = sourcecode.c.objc; path = StatusPacket.m; sourceTree = "<group>"; };
/* End PBXFileReference section */

/* Begin PBXFrameworksBuildPhase section */
		C293AF2415A415D4003FDA51 /* Frameworks */ = {
			isa = PBXFrameworksBuildPhase;
			buildActionMask = 2147483647;
			files = (
				C293AF6515A4160C003FDA51 /* libDebugKitLibrary.a in Frameworks */,
				C293AF2B15A415D4003FDA51 /* Foundation.framework in Frameworks */,
			);
			runOnlyForDeploymentPostprocessing = 0;
		};
		C293AF3315A415D4003FDA51 /* Frameworks */ = {
			isa = PBXFrameworksBuildPhase;
			buildActionMask = 2147483647;
			files = (
				C293AF3915A415D4003FDA51 /* SenTestingKit.framework in Frameworks */,
				C293AF3B15A415D4003FDA51 /* UIKit.framework in Frameworks */,
				C293AF3C15A415D4003FDA51 /* Foundation.framework in Frameworks */,
				C293AF3F15A415D4003FDA51 /* libICBProtocol.a in Frameworks */,
			);
			runOnlyForDeploymentPostprocessing = 0;
		};
/* End PBXFrameworksBuildPhase section */

/* Begin PBXGroup section */
		C293AF1C15A415D4003FDA51 = {
			isa = PBXGroup;
			children = (
				C293AF5115A415ED003FDA51 /* DebugKit.xcodeproj */,
				C293AF2C15A415D4003FDA51 /* ICBProtocol */,
				C293AF4015A415D4003FDA51 /* ICBProtocolTests */,
				C293AF2915A415D4003FDA51 /* Frameworks */,
				C293AF2815A415D4003FDA51 /* Products */,
			);
			sourceTree = "<group>";
		};
		C293AF2815A415D4003FDA51 /* Products */ = {
			isa = PBXGroup;
			children = (
				C293AF2715A415D4003FDA51 /* libICBProtocol.a */,
				C293AF3715A415D4003FDA51 /* ICBProtocolTests.octest */,
			);
			name = Products;
			sourceTree = "<group>";
		};
		C293AF2915A415D4003FDA51 /* Frameworks */ = {
			isa = PBXGroup;
			children = (
				C293AF2A15A415D4003FDA51 /* Foundation.framework */,
				C293AF3815A415D4003FDA51 /* SenTestingKit.framework */,
				C293AF3A15A415D4003FDA51 /* UIKit.framework */,
			);
			name = Frameworks;
			sourceTree = "<group>";
		};
		C293AF2C15A415D4003FDA51 /* ICBProtocol */ = {
			isa = PBXGroup;
			children = (
				C293AF2D15A415D4003FDA51 /* Supporting Files */,
				C293AF2F15A415D4003FDA51 /* ICBProtocol.h */,
				C293AF3015A415D4003FDA51 /* ICBProtocol.m */,
				C293AF7215A416BF003FDA51 /* ICBPacket.h */,
				C293AF7315A416BF003FDA51 /* ICBPacket.m */,
				C293AF7715A41712003FDA51 /* LoginPacket.h */,
				C293AF7815A41712003FDA51 /* LoginPacket.m */,
				C293AF7C15A4182A003FDA51 /* ProtocolPacket.h */,
				C293AF7D15A4182A003FDA51 /* ProtocolPacket.m */,
				C293AF8215A516BA003FDA51 /* BeepPacket.h */,
				C293AF8315A516BA003FDA51 /* BeepPacket.m */,
				C293AF8615A5F0E2003FDA51 /* ErrorPacket.h */,
				C293AF8715A5F0E2003FDA51 /* ErrorPacket.m */,
				C293AF8A15A5F460003FDA51 /* ExitPacket.h */,
				C293AF8B15A5F460003FDA51 /* ExitPacket.m */,
				C293AF8E15A5F5EB003FDA51 /* OpenPacket.h */,
				C293AF8F15A5F5EB003FDA51 /* OpenPacket.m */,
				C293AF9215A5F7AE003FDA51 /* PersonalPacket.h */,
				C293AF9315A5F7AE003FDA51 /* PersonalPacket.m */,
				C293AF9615A5F871003FDA51 /* PingPacket.h */,
				C293AF9715A5F871003FDA51 /* PingPacket.m */,
				C293AF9A15A5F8D0003FDA51 /* PongPacket.h */,
				C293AF9B15A5F8D0003FDA51 /* PongPacket.m */,
				C293AF9E15A5FB47003FDA51 /* StatusPacket.h */,
				C293AF9F15A5FB47003FDA51 /* StatusPacket.m */,
			);
			path = ICBProtocol;
			sourceTree = "<group>";
		};
		C293AF2D15A415D4003FDA51 /* Supporting Files */ = {
			isa = PBXGroup;
			children = (
				C293AF2E15A415D4003FDA51 /* ICBProtocol-Prefix.pch */,
			);
			name = "Supporting Files";
			sourceTree = "<group>";
		};
		C293AF4015A415D4003FDA51 /* ICBProtocolTests */ = {
			isa = PBXGroup;
			children = (
				C293AF4615A415D4003FDA51 /* ICBProtocolTests.h */,
				C293AF4715A415D4003FDA51 /* ICBProtocolTests.m */,
				C293AF4115A415D4003FDA51 /* Supporting Files */,
			);
			path = ICBProtocolTests;
			sourceTree = "<group>";
		};
		C293AF4115A415D4003FDA51 /* Supporting Files */ = {
			isa = PBXGroup;
			children = (
				C293AF4215A415D4003FDA51 /* ICBProtocolTests-Info.plist */,
				C293AF4315A415D4003FDA51 /* InfoPlist.strings */,
			);
			name = "Supporting Files";
			sourceTree = "<group>";
		};
		C293AF5215A415ED003FDA51 /* Products */ = {
			isa = PBXGroup;
			children = (
				C293AF5C15A415EE003FDA51 /* DebugKitFramework.framework */,
				C293AF5E15A415EE003FDA51 /* DebugKitTests.octest */,
				C293AF6015A415EE003FDA51 /* libDebugKitLibrary.a */,
				C293AF6215A415EE003FDA51 /* DebugKitLibraryTests.octest */,
			);
			name = Products;
			sourceTree = "<group>";
		};
/* End PBXGroup section */

/* Begin PBXHeadersBuildPhase section */
		C293AF2515A415D4003FDA51 /* Headers */ = {
			isa = PBXHeadersBuildPhase;
			buildActionMask = 2147483647;
			files = (
				C293AF7415A416BF003FDA51 /* ICBPacket.h in Headers */,
				C293AF7915A41712003FDA51 /* LoginPacket.h in Headers */,
				C293AF7E15A4182A003FDA51 /* ProtocolPacket.h in Headers */,
				C293AF8415A516BA003FDA51 /* BeepPacket.h in Headers */,
				C293AF8815A5F0E2003FDA51 /* ErrorPacket.h in Headers */,
				C293AF8C15A5F461003FDA51 /* ExitPacket.h in Headers */,
				C293AF9015A5F5EB003FDA51 /* OpenPacket.h in Headers */,
				C293AF9415A5F7AF003FDA51 /* PersonalPacket.h in Headers */,
				C293AF9815A5F871003FDA51 /* PingPacket.h in Headers */,
				C293AF9C15A5F8D1003FDA51 /* PongPacket.h in Headers */,
				C293AFA015A5FB47003FDA51 /* StatusPacket.h in Headers */,
			);
			runOnlyForDeploymentPostprocessing = 0;
		};
/* End PBXHeadersBuildPhase section */

/* Begin PBXNativeTarget section */
		C293AF2615A415D4003FDA51 /* ICBProtocol */ = {
			isa = PBXNativeTarget;
			buildConfigurationList = C293AF4B15A415D4003FDA51 /* Build configuration list for PBXNativeTarget "ICBProtocol" */;
			buildPhases = (
				C293AF2315A415D4003FDA51 /* Sources */,
				C293AF2415A415D4003FDA51 /* Frameworks */,
				C293AF2515A415D4003FDA51 /* Headers */,
			);
			buildRules = (
			);
			dependencies = (
				C293AF6415A41605003FDA51 /* PBXTargetDependency */,
			);
			name = ICBProtocol;
			productName = ICBProtocol;
			productReference = C293AF2715A415D4003FDA51 /* libICBProtocol.a */;
			productType = "com.apple.product-type.library.static";
		};
		C293AF3615A415D4003FDA51 /* ICBProtocolTests */ = {
			isa = PBXNativeTarget;
			buildConfigurationList = C293AF4E15A415D4003FDA51 /* Build configuration list for PBXNativeTarget "ICBProtocolTests" */;
			buildPhases = (
				C293AF3215A415D4003FDA51 /* Sources */,
				C293AF3315A415D4003FDA51 /* Frameworks */,
				C293AF3415A415D4003FDA51 /* Resources */,
				C293AF3515A415D4003FDA51 /* ShellScript */,
			);
			buildRules = (
			);
			dependencies = (
				C293AF3E15A415D4003FDA51 /* PBXTargetDependency */,
			);
			name = ICBProtocolTests;
			productName = ICBProtocolTests;
			productReference = C293AF3715A415D4003FDA51 /* ICBProtocolTests.octest */;
			productType = "com.apple.product-type.bundle";
		};
/* End PBXNativeTarget section */

/* Begin PBXProject section */
		C293AF1E15A415D4003FDA51 /* Project object */ = {
			isa = PBXProject;
			attributes = {
				LastUpgradeCheck = 0430;
				ORGANIZATIONNAME = "Nuclear Bunny Studios, LLC";
			};
			buildConfigurationList = C293AF2115A415D4003FDA51 /* Build configuration list for PBXProject "ICBProtocol" */;
			compatibilityVersion = "Xcode 3.2";
			developmentRegion = English;
			hasScannedForEncodings = 0;
			knownRegions = (
				en,
			);
			mainGroup = C293AF1C15A415D4003FDA51;
			productRefGroup = C293AF2815A415D4003FDA51 /* Products */;
			projectDirPath = "";
			projectReferences = (
				{
					ProductGroup = C293AF5215A415ED003FDA51 /* Products */;
					ProjectRef = C293AF5115A415ED003FDA51 /* DebugKit.xcodeproj */;
				},
			);
			projectRoot = "";
			targets = (
				C293AF2615A415D4003FDA51 /* ICBProtocol */,
				C293AF3615A415D4003FDA51 /* ICBProtocolTests */,
			);
		};
/* End PBXProject section */

/* Begin PBXReferenceProxy section */
		C293AF5C15A415EE003FDA51 /* DebugKitFramework.framework */ = {
			isa = PBXReferenceProxy;
			fileType = wrapper.framework;
			path = DebugKitFramework.framework;
			remoteRef = C293AF5B15A415EE003FDA51 /* PBXContainerItemProxy */;
			sourceTree = BUILT_PRODUCTS_DIR;
		};
		C293AF5E15A415EE003FDA51 /* DebugKitTests.octest */ = {
			isa = PBXReferenceProxy;
			fileType = wrapper.cfbundle;
			name = DebugKitTests.octest;
			path = DebugKitFrameworkTests.octest;
			remoteRef = C293AF5D15A415EE003FDA51 /* PBXContainerItemProxy */;
			sourceTree = BUILT_PRODUCTS_DIR;
		};
		C293AF6015A415EE003FDA51 /* libDebugKitLibrary.a */ = {
			isa = PBXReferenceProxy;
			fileType = archive.ar;
			path = libDebugKitLibrary.a;
			remoteRef = C293AF5F15A415EE003FDA51 /* PBXContainerItemProxy */;
			sourceTree = BUILT_PRODUCTS_DIR;
		};
		C293AF6215A415EE003FDA51 /* DebugKitLibraryTests.octest */ = {
			isa = PBXReferenceProxy;
			fileType = wrapper.cfbundle;
			path = DebugKitLibraryTests.octest;
			remoteRef = C293AF6115A415EE003FDA51 /* PBXContainerItemProxy */;
			sourceTree = BUILT_PRODUCTS_DIR;
		};
/* End PBXReferenceProxy section */

/* Begin PBXResourcesBuildPhase section */
		C293AF3415A415D4003FDA51 /* Resources */ = {
			isa = PBXResourcesBuildPhase;
			buildActionMask = 2147483647;
			files = (
				C293AF4515A415D4003FDA51 /* InfoPlist.strings in Resources */,
			);
			runOnlyForDeploymentPostprocessing = 0;
		};
/* End PBXResourcesBuildPhase section */

/* Begin PBXShellScriptBuildPhase section */
		C293AF3515A415D4003FDA51 /* ShellScript */ = {
			isa = PBXShellScriptBuildPhase;
			buildActionMask = 2147483647;
			files = (
			);
			inputPaths = (
			);
			outputPaths = (
			);
			runOnlyForDeploymentPostprocessing = 0;
			shellPath = /bin/sh;
			shellScript = "# Run the unit tests in this test bundle.\n\"${SYSTEM_DEVELOPER_DIR}/Tools/RunUnitTests\"\n";
		};
/* End PBXShellScriptBuildPhase section */

/* Begin PBXSourcesBuildPhase section */
		C293AF2315A415D4003FDA51 /* Sources */ = {
			isa = PBXSourcesBuildPhase;
			buildActionMask = 2147483647;
			files = (
				C293AF3115A415D4003FDA51 /* ICBProtocol.m in Sources */,
				C293AF7515A416BF003FDA51 /* ICBPacket.m in Sources */,
				C293AF7A15A41712003FDA51 /* LoginPacket.m in Sources */,
				C293AF7F15A4182A003FDA51 /* ProtocolPacket.m in Sources */,
				C293AF8515A516BA003FDA51 /* BeepPacket.m in Sources */,
				C293AF8915A5F0E2003FDA51 /* ErrorPacket.m in Sources */,
				C293AF8D15A5F461003FDA51 /* ExitPacket.m in Sources */,
				C293AF9115A5F5EB003FDA51 /* OpenPacket.m in Sources */,
				C293AF9515A5F7AF003FDA51 /* PersonalPacket.m in Sources */,
				C293AF9915A5F871003FDA51 /* PingPacket.m in Sources */,
				C293AF9D15A5F8D1003FDA51 /* PongPacket.m in Sources */,
				C293AFA115A5FB47003FDA51 /* StatusPacket.m in Sources */,
			);
			runOnlyForDeploymentPostprocessing = 0;
		};
		C293AF3215A415D4003FDA51 /* Sources */ = {
			isa = PBXSourcesBuildPhase;
			buildActionMask = 2147483647;
			files = (
				C293AF4815A415D4003FDA51 /* ICBProtocolTests.m in Sources */,
			);
			runOnlyForDeploymentPostprocessing = 0;
		};
/* End PBXSourcesBuildPhase section */

/* Begin PBXTargetDependency section */
		C293AF3E15A415D4003FDA51 /* PBXTargetDependency */ = {
			isa = PBXTargetDependency;
			target = C293AF2615A415D4003FDA51 /* ICBProtocol */;
			targetProxy = C293AF3D15A415D4003FDA51 /* PBXContainerItemProxy */;
		};
		C293AF6415A41605003FDA51 /* PBXTargetDependency */ = {
			isa = PBXTargetDependency;
			name = DebugKitLibrary;
			targetProxy = C293AF6315A41605003FDA51 /* PBXContainerItemProxy */;
		};
/* End PBXTargetDependency section */

/* Begin PBXVariantGroup section */
		C293AF4315A415D4003FDA51 /* InfoPlist.strings */ = {
			isa = PBXVariantGroup;
			children = (
				C293AF4415A415D4003FDA51 /* en */,
			);
			name = InfoPlist.strings;
			sourceTree = "<group>";
		};
/* End PBXVariantGroup section */

/* Begin XCBuildConfiguration section */
		C293AF4915A415D4003FDA51 /* Debug */ = {
			isa = XCBuildConfiguration;
			buildSettings = {
				ALWAYS_SEARCH_USER_PATHS = NO;
				ARCHS = "$(ARCHS_STANDARD_32_BIT)";
				CLANG_ENABLE_OBJC_ARC = YES;
				COPY_PHASE_STRIP = NO;
				GCC_C_LANGUAGE_STANDARD = gnu99;
				GCC_DYNAMIC_NO_PIC = NO;
				GCC_OPTIMIZATION_LEVEL = 0;
				GCC_PREPROCESSOR_DEFINITIONS = (
					"DEBUG=1",
					"$(inherited)",
				);
				GCC_SYMBOLS_PRIVATE_EXTERN = NO;
				GCC_VERSION = com.apple.compilers.llvm.clang.1_0;
				GCC_WARN_ABOUT_RETURN_TYPE = YES;
				GCC_WARN_UNINITIALIZED_AUTOS = YES;
				GCC_WARN_UNUSED_VARIABLE = YES;
				IPHONEOS_DEPLOYMENT_TARGET = 5.1;
				OTHER_LDFLAGS = (
					"-ObjC",
					"-all_load",
				);
				SDKROOT = iphoneos;
				USER_HEADER_SEARCH_PATHS = "${PROJECT_DIR}/../../../DebugKit/DebugKit/**";
			};
			name = Debug;
		};
		C293AF4A15A415D4003FDA51 /* Release */ = {
			isa = XCBuildConfiguration;
			buildSettings = {
				ALWAYS_SEARCH_USER_PATHS = NO;
				ARCHS = "$(ARCHS_STANDARD_32_BIT)";
				CLANG_ENABLE_OBJC_ARC = YES;
				COPY_PHASE_STRIP = YES;
				GCC_C_LANGUAGE_STANDARD = gnu99;
				GCC_VERSION = com.apple.compilers.llvm.clang.1_0;
				GCC_WARN_ABOUT_RETURN_TYPE = YES;
				GCC_WARN_UNINITIALIZED_AUTOS = YES;
				GCC_WARN_UNUSED_VARIABLE = YES;
				IPHONEOS_DEPLOYMENT_TARGET = 5.1;
				OTHER_LDFLAGS = (
					"-ObjC",
					"-all_load",
				);
				SDKROOT = iphoneos;
				USER_HEADER_SEARCH_PATHS = "${PROJECT_DIR}/../../../DebugKit/DebugKit/**";
				VALIDATE_PRODUCT = YES;
			};
			name = Release;
		};
		C293AF4C15A415D4003FDA51 /* Debug */ = {
			isa = XCBuildConfiguration;
			buildSettings = {
				DSTROOT = /tmp/ICBProtocol.dst;
				GCC_PRECOMPILE_PREFIX_HEADER = YES;
				GCC_PREFIX_HEADER = "ICBProtocol/ICBProtocol-Prefix.pch";
				PRODUCT_NAME = "$(TARGET_NAME)";
				SKIP_INSTALL = YES;
				USER_HEADER_SEARCH_PATHS = "";
			};
			name = Debug;
		};
		C293AF4D15A415D4003FDA51 /* Release */ = {
			isa = XCBuildConfiguration;
			buildSettings = {
				DSTROOT = /tmp/ICBProtocol.dst;
				GCC_PRECOMPILE_PREFIX_HEADER = YES;
				GCC_PREFIX_HEADER = "ICBProtocol/ICBProtocol-Prefix.pch";
				PRODUCT_NAME = "$(TARGET_NAME)";
				SKIP_INSTALL = YES;
				USER_HEADER_SEARCH_PATHS = "";
			};
			name = Release;
		};
		C293AF4F15A415D4003FDA51 /* Debug */ = {
			isa = XCBuildConfiguration;
			buildSettings = {
				FRAMEWORK_SEARCH_PATHS = (
					"$(SDKROOT)/Developer/Library/Frameworks",
					"$(DEVELOPER_LIBRARY_DIR)/Frameworks",
				);
				GCC_PRECOMPILE_PREFIX_HEADER = YES;
				GCC_PREFIX_HEADER = "ICBProtocol/ICBProtocol-Prefix.pch";
				INFOPLIST_FILE = "ICBProtocolTests/ICBProtocolTests-Info.plist";
				PRODUCT_NAME = "$(TARGET_NAME)";
				USER_HEADER_SEARCH_PATHS = "${PROJECT_DIR}/../../../DebugKit/DebugKit/**";
				WRAPPER_EXTENSION = octest;
			};
			name = Debug;
		};
		C293AF5015A415D4003FDA51 /* Release */ = {
			isa = XCBuildConfiguration;
			buildSettings = {
				FRAMEWORK_SEARCH_PATHS = (
					"$(SDKROOT)/Developer/Library/Frameworks",
					"$(DEVELOPER_LIBRARY_DIR)/Frameworks",
				);
				GCC_PRECOMPILE_PREFIX_HEADER = YES;
				GCC_PREFIX_HEADER = "ICBProtocol/ICBProtocol-Prefix.pch";
				INFOPLIST_FILE = "ICBProtocolTests/ICBProtocolTests-Info.plist";
				PRODUCT_NAME = "$(TARGET_NAME)";
				USER_HEADER_SEARCH_PATHS = "${PROJECT_DIR}/../../../DebugKit/DebugKit/**";
				WRAPPER_EXTENSION = octest;
			};
			name = Release;
		};
/* End XCBuildConfiguration section */

/* Begin XCConfigurationList section */
		C293AF2115A415D4003FDA51 /* Build configuration list for PBXProject "ICBProtocol" */ = {
			isa = XCConfigurationList;
			buildConfigurations = (
				C293AF4915A415D4003FDA51 /* Debug */,
				C293AF4A15A415D4003FDA51 /* Release */,
			);
			defaultConfigurationIsVisible = 0;
			defaultConfigurationName = Release;
		};
		C293AF4B15A415D4003FDA51 /* Build configuration list for PBXNativeTarget "ICBProtocol" */ = {
			isa = XCConfigurationList;
			buildConfigurations = (
				C293AF4C15A415D4003FDA51 /* Debug */,
				C293AF4D15A415D4003FDA51 /* Release */,
			);
			defaultConfigurationIsVisible = 0;
		};
		C293AF4E15A415D4003FDA51 /* Build configuration list for PBXNativeTarget "ICBProtocolTests" */ = {
			isa = XCConfigurationList;
			buildConfigurations = (
				C293AF4F15A415D4003FDA51 /* Debug */,
				C293AF5015A415D4003FDA51 /* Release */,
			);
			defaultConfigurationIsVisible = 0;
		};
/* End XCConfigurationList section */
	};
	rootObject = C293AF1E15A415D4003FDA51 /* Project object */;
}
